
Microsoft Visual Studio Solution File, Format Version 11.00
# Visual Studio 2010
Project("{FAE04EC0-301F-11D3-BF4B-00C04F79EFBC}") = "SPStorageManager", "SharePointStorageManager\SPStorageManager.csproj", "{8D033759-C070-4882-8D17-B8667D0B5959}"
	ProjectSection(ProjectDependencies) = postProject
		{5A654C2F-901B-499D-BDD7-2AF49FD1379D} = {5A654C2F-901B-499D-BDD7-2AF49FD1379D}
	EndProjectSection
EndProject
Project("{FAE04EC0-301F-11D3-BF4B-00C04F79EFBC}") = "Common", "Common\Common.csproj", "{5A654C2F-901B-499D-BDD7-2AF49FD1379D}"
EndProject
Global
	GlobalSection(SolutionConfigurationPlatforms) = preSolution
		Debug|Any CPU = Debug|Any CPU
		Release|Any CPU = Release|Any CPU
	EndGlobalSection
	GlobalSection(ProjectConfigurationPlatforms) = postSolution
		{8D033759-C070-4882-8D17-B8667D0B5959}.Debug|Any CPU.ActiveCfg = Debug|Any CPU
		{8D033759-C070-4882-8D17-B8667D0B5959}.Debug|Any CPU.Build.0 = Debug|Any CPU
		{8D033759-C070-4882-8D17-B8667D0B5959}.Debug|Any CPU.Deploy.0 = Debug|Any CPU
		{8D033759-C070-4882-8D17-B8667D0B5959}.Release|Any CPU.ActiveCfg = Release|Any CPU
		{8D033759-C070-4882-8D17-B8667D0B5959}.Release|Any CPU.Build.0 = Release|Any CPU
		{8D033759-C070-4882-8D17-B8667D0B5959}.Release|Any CPU.Deploy.0 = Release|Any CPU
		{5A654C2F-901B-499D-BDD7-2AF49FD1379D}.Debug|Any CPU.ActiveCfg = Debug|Any CPU
		{5A654C2F-901B-499D-BDD7-2AF49FD1379D}.Debug|Any CPU.Build.0 = Debug|Any CPU
		{5A654C2F-901B-499D-BDD7-2AF49FD1379D}.Release|Any CPU.ActiveCfg = Release|Any CPU
		{5A654C2F-901B-499D-BDD7-2AF49FD1379D}.Release|Any CPU.Build.0 = Release|Any CPU
	EndGlobalSection
	GlobalSection(SolutionProperties) = preSolution
		HideSolutionNode = FALSE
	EndGlobalSection
EndGlobal
